// !$*UTF8*$!
{
	archiveVersion = 1;
	classes = {
	};
	objectVersion = 46;
	objects = {

/* Begin PBXBuildFile section */
		EE46BC2A1D84595700C34FE9 /* Registration.storyboard in Resources */ = {isa = PBXBuildFile; fileRef = EE46BC291D84595700C34FE9 /* Registration.storyboard */; };
		EE46BC2D1D84597D00C34FE9 /* RegistrationViewController.m in Sources */ = {isa = PBXBuildFile; fileRef = EE46BC2C1D84597D00C34FE9 /* RegistrationViewController.m */; };
		EE46BC311D8459D100C34FE9 /* DashboardViewController.m in Sources */ = {isa = PBXBuildFile; fileRef = EE46BC301D8459D100C34FE9 /* DashboardViewController.m */; };
		EE46BC331D8459E500C34FE9 /* Dashboard.storyboard in Resources */ = {isa = PBXBuildFile; fileRef = EE46BC321D8459E500C34FE9 /* Dashboard.storyboard */; };
		EE46BC351D845A1300C34FE9 /* Expense.storyboard in Resources */ = {isa = PBXBuildFile; fileRef = EE46BC341D845A1300C34FE9 /* Expense.storyboard */; };
		EE46BC381D845A3900C34FE9 /* ExpenseViewController.m in Sources */ = {isa = PBXBuildFile; fileRef = EE46BC371D845A3900C34FE9 /* ExpenseViewController.m */; };
		EE46BC3B1D845A4E00C34FE9 /* IncomeViewController.m in Sources */ = {isa = PBXBuildFile; fileRef = EE46BC3A1D845A4E00C34FE9 /* IncomeViewController.m */; };
		EE46BC3E1D845A6900C34FE9 /* Income.storyboard in Resources */ = {isa = PBXBuildFile; fileRef = EE46BC3D1D845A6900C34FE9 /* Income.storyboard */; };
		EE46BC411D8472C300C34FE9 /* ControllerLoader.swift in Sources */ = {isa = PBXBuildFile; fileRef = EE46BC401D8472C300C34FE9 /* ControllerLoader.swift */; };
		EE46BC431D84733600C34FE9 /* ControllerPresenter.swift in Sources */ = {isa = PBXBuildFile; fileRef = EE46BC421D84733600C34FE9 /* ControllerPresenter.swift */; };
		EE46BC451D8473C200C34FE9 /* AlertHandler.swift in Sources */ = {isa = PBXBuildFile; fileRef = EE46BC441D8473C200C34FE9 /* AlertHandler.swift */; };
		EE46BC471D8473E100C34FE9 /* Alert.swift in Sources */ = {isa = PBXBuildFile; fileRef = EE46BC461D8473E100C34FE9 /* Alert.swift */; };
		EE46BC4B1D8474B600C34FE9 /* SimpleAlertHandler.swift in Sources */ = {isa = PBXBuildFile; fileRef = EE46BC4A1D8474B600C34FE9 /* SimpleAlertHandler.swift */; };
		EE46BC4D1D84750C00C34FE9 /* ToastHandler.swift in Sources */ = {isa = PBXBuildFile; fileRef = EE46BC4C1D84750C00C34FE9 /* ToastHandler.swift */; };
		EE46BC531D84756200C34FE9 /* iToast.m in Sources */ = {isa = PBXBuildFile; fileRef = EE46BC521D84756200C34FE9 /* iToast.m */; };
		EE46BC561D847E6A00C34FE9 /* JVFloatLabeledTextField.m in Sources */ = {isa = PBXBuildFile; fileRef = EE46BC551D847E6A00C34FE9 /* JVFloatLabeledTextField.m */; };
		EE46BC581D84810100C34FE9 /* RegistrationPresenter.swift in Sources */ = {isa = PBXBuildFile; fileRef = EE46BC571D84810100C34FE9 /* RegistrationPresenter.swift */; };
		EE46BC5A1D84816C00C34FE9 /* AccountStore.swift in Sources */ = {isa = PBXBuildFile; fileRef = EE46BC591D84816C00C34FE9 /* AccountStore.swift */; };
		EE46BC5C1D84849800C34FE9 /* RegistrationPresentable.swift in Sources */ = {isa = PBXBuildFile; fileRef = EE46BC5B1D84849800C34FE9 /* RegistrationPresentable.swift */; };
		EE46BC5E1D84944D00C34FE9 /* HomeControllerLoader.swift in Sources */ = {isa = PBXBuildFile; fileRef = EE46BC5D1D84944D00C34FE9 /* HomeControllerLoader.swift */; };
		EE6B5ADA1D83C55C00695ACF /* main.m in Sources */ = {isa = PBXBuildFile; fileRef = EE6B5AD91D83C55C00695ACF /* main.m */; };
		EE6B5ADD1D83C55C00695ACF /* AppDelegate.m in Sources */ = {isa = PBXBuildFile; fileRef = EE6B5ADC1D83C55C00695ACF /* AppDelegate.m */; };
		EE6B5AE01D83C55C00695ACF /* HomeViewController.m in Sources */ = {isa = PBXBuildFile; fileRef = EE6B5ADF1D83C55C00695ACF /* HomeViewController.m */; };
		EE6B5AE31D83C55C00695ACF /* Main.storyboard in Resources */ = {isa = PBXBuildFile; fileRef = EE6B5AE11D83C55C00695ACF /* Main.storyboard */; };
		EE6B5AE61D83C55C00695ACF /* PersonalFinance.xcdatamodeld in Sources */ = {isa = PBXBuildFile; fileRef = EE6B5AE41D83C55C00695ACF /* PersonalFinance.xcdatamodeld */; };
		EE6B5AE81D83C55C00695ACF /* Assets.xcassets in Resources */ = {isa = PBXBuildFile; fileRef = EE6B5AE71D83C55C00695ACF /* Assets.xcassets */; };
		EE6B5AEB1D83C55C00695ACF /* LaunchScreen.storyboard in Resources */ = {isa = PBXBuildFile; fileRef = EE6B5AE91D83C55C00695ACF /* LaunchScreen.storyboard */; };
		EE6B5AF61D83C55C00695ACF /* PersonalFinanceTests.m in Sources */ = {isa = PBXBuildFile; fileRef = EE6B5AF51D83C55C00695ACF /* PersonalFinanceTests.m */; };
		EE6B5B011D83C55C00695ACF /* PersonalFinanceUITests.m in Sources */ = {isa = PBXBuildFile; fileRef = EE6B5B001D83C55C00695ACF /* PersonalFinanceUITests.m */; };
/* End PBXBuildFile section */

/* Begin PBXContainerItemProxy section */
		EE6B5AF21D83C55C00695ACF /* PBXContainerItemProxy */ = {
			isa = PBXContainerItemProxy;
			containerPortal = EE6B5ACD1D83C55B00695ACF /* Project object */;
			proxyType = 1;
			remoteGlobalIDString = EE6B5AD41D83C55C00695ACF;
			remoteInfo = PersonalFinance;
		};
		EE6B5AFD1D83C55C00695ACF /* PBXContainerItemProxy */ = {
			isa = PBXContainerItemProxy;
			containerPortal = EE6B5ACD1D83C55B00695ACF /* Project object */;
			proxyType = 1;
			remoteGlobalIDString = EE6B5AD41D83C55C00695ACF;
			remoteInfo = PersonalFinance;
		};
/* End PBXContainerItemProxy section */

/* Begin PBXFileReference section */
		EE46BC291D84595700C34FE9 /* Registration.storyboard */ = {isa = PBXFileReference; fileEncoding = 4; lastKnownFileType = file.storyboard; path = Registration.storyboard; sourceTree = "<group>"; };
		EE46BC2B1D84597D00C34FE9 /* RegistrationViewController.h */ = {isa = PBXFileReference; fileEncoding = 4; lastKnownFileType = sourcecode.c.h; path = RegistrationViewController.h; sourceTree = "<group>"; };
		EE46BC2C1D84597D00C34FE9 /* RegistrationViewController.m */ = {isa = PBXFileReference; fileEncoding = 4; lastKnownFileType = sourcecode.c.objc; path = RegistrationViewController.m; sourceTree = "<group>"; };
		EE46BC2F1D8459D100C34FE9 /* DashboardViewController.h */ = {isa = PBXFileReference; fileEncoding = 4; lastKnownFileType = sourcecode.c.h; path = DashboardViewController.h; sourceTree = "<group>"; };
		EE46BC301D8459D100C34FE9 /* DashboardViewController.m */ = {isa = PBXFileReference; fileEncoding = 4; lastKnownFileType = sourcecode.c.objc; path = DashboardViewController.m; sourceTree = "<group>"; };
		EE46BC321D8459E500C34FE9 /* Dashboard.storyboard */ = {isa = PBXFileReference; fileEncoding = 4; lastKnownFileType = file.storyboard; path = Dashboard.storyboard; sourceTree = "<group>"; };
		EE46BC341D845A1300C34FE9 /* Expense.storyboard */ = {isa = PBXFileReference; fileEncoding = 4; lastKnownFileType = file.storyboard; path = Expense.storyboard; sourceTree = "<group>"; };
		EE46BC361D845A3900C34FE9 /* ExpenseViewController.h */ = {isa = PBXFileReference; fileEncoding = 4; lastKnownFileType = sourcecode.c.h; path = ExpenseViewController.h; sourceTree = "<group>"; };
		EE46BC371D845A3900C34FE9 /* ExpenseViewController.m */ = {isa = PBXFileReference; fileEncoding = 4; lastKnownFileType = sourcecode.c.objc; path = ExpenseViewController.m; sourceTree = "<group>"; };
		EE46BC391D845A4E00C34FE9 /* IncomeViewController.h */ = {isa = PBXFileReference; fileEncoding = 4; lastKnownFileType = sourcecode.c.h; name = IncomeViewController.h; path = Income/IncomeViewController.h; sourceTree = "<group>"; };
		EE46BC3A1D845A4E00C34FE9 /* IncomeViewController.m */ = {isa = PBXFileReference; fileEncoding = 4; lastKnownFileType = sourcecode.c.objc; name = IncomeViewController.m; path = Income/IncomeViewController.m; sourceTree = "<group>"; };
		EE46BC3D1D845A6900C34FE9 /* Income.storyboard */ = {isa = PBXFileReference; fileEncoding = 4; lastKnownFileType = file.storyboard; path = Income.storyboard; sourceTree = "<group>"; };
		EE46BC3F1D8472C300C34FE9 /* PersonalFinance-Bridging-Header.h */ = {isa = PBXFileReference; lastKnownFileType = sourcecode.c.h; path = "PersonalFinance-Bridging-Header.h"; sourceTree = "<group>"; };
		EE46BC401D8472C300C34FE9 /* ControllerLoader.swift */ = {isa = PBXFileReference; fileEncoding = 4; lastKnownFileType = sourcecode.swift; name = ControllerLoader.swift; path = Protocols/ControllerLoader.swift; sourceTree = "<group>"; };
		EE46BC421D84733600C34FE9 /* ControllerPresenter.swift */ = {isa = PBXFileReference; fileEncoding = 4; lastKnownFileType = sourcecode.swift; path = ControllerPresenter.swift; sourceTree = "<group>"; };
		EE46BC441D8473C200C34FE9 /* AlertHandler.swift */ = {isa = PBXFileReference; fileEncoding = 4; lastKnownFileType = sourcecode.swift; path = AlertHandler.swift; sourceTree = "<group>"; };
		EE46BC461D8473E100C34FE9 /* Alert.swift */ = {isa = PBXFileReference; fileEncoding = 4; lastKnownFileType = sourcecode.swift; path = Alert.swift; sourceTree = "<group>"; };
		EE46BC4A1D8474B600C34FE9 /* SimpleAlertHandler.swift */ = {isa = PBXFileReference; fileEncoding = 4; lastKnownFileType = sourcecode.swift; name = SimpleAlertHandler.swift; path = "Protocol Implementations/SimpleAlertHandler.swift"; sourceTree = "<group>"; };
		EE46BC4C1D84750C00C34FE9 /* ToastHandler.swift */ = {isa = PBXFileReference; fileEncoding = 4; lastKnownFileType = sourcecode.swift; path = ToastHandler.swift; sourceTree = "<group>"; };
		EE46BC511D84756200C34FE9 /* iToast.h */ = {isa = PBXFileReference; fileEncoding = 4; lastKnownFileType = sourcecode.c.h; path = iToast.h; sourceTree = "<group>"; };
		EE46BC521D84756200C34FE9 /* iToast.m */ = {isa = PBXFileReference; fileEncoding = 4; lastKnownFileType = sourcecode.c.objc; path = iToast.m; sourceTree = "<group>"; };
		EE46BC541D847E6A00C34FE9 /* JVFloatLabeledTextField.h */ = {isa = PBXFileReference; fileEncoding = 4; lastKnownFileType = sourcecode.c.h; path = JVFloatLabeledTextField.h; sourceTree = "<group>"; };
		EE46BC551D847E6A00C34FE9 /* JVFloatLabeledTextField.m */ = {isa = PBXFileReference; fileEncoding = 4; lastKnownFileType = sourcecode.c.objc; path = JVFloatLabeledTextField.m; sourceTree = "<group>"; };
		EE46BC571D84810100C34FE9 /* RegistrationPresenter.swift */ = {isa = PBXFileReference; fileEncoding = 4; lastKnownFileType = sourcecode.swift; path = RegistrationPresenter.swift; sourceTree = "<group>"; };
		EE46BC591D84816C00C34FE9 /* AccountStore.swift */ = {isa = PBXFileReference; fileEncoding = 4; lastKnownFileType = sourcecode.swift; path = AccountStore.swift; sourceTree = "<group>"; };
		EE46BC5B1D84849800C34FE9 /* RegistrationPresentable.swift */ = {isa = PBXFileReference; fileEncoding = 4; lastKnownFileType = sourcecode.swift; path = RegistrationPresentable.swift; sourceTree = "<group>"; };
		EE46BC5D1D84944D00C34FE9 /* HomeControllerLoader.swift */ = {isa = PBXFileReference; fileEncoding = 4; lastKnownFileType = sourcecode.swift; path = HomeControllerLoader.swift; sourceTree = "<group>"; };
		EE6B5AD51D83C55C00695ACF /* PersonalFinance.app */ = {isa = PBXFileReference; explicitFileType = wrapper.application; includeInIndex = 0; path = PersonalFinance.app; sourceTree = BUILT_PRODUCTS_DIR; };
		EE6B5AD91D83C55C00695ACF /* main.m */ = {isa = PBXFileReference; lastKnownFileType = sourcecode.c.objc; path = main.m; sourceTree = "<group>"; };
		EE6B5ADB1D83C55C00695ACF /* AppDelegate.h */ = {isa = PBXFileReference; lastKnownFileType = sourcecode.c.h; path = AppDelegate.h; sourceTree = "<group>"; };
		EE6B5ADC1D83C55C00695ACF /* AppDelegate.m */ = {isa = PBXFileReference; lastKnownFileType = sourcecode.c.objc; path = AppDelegate.m; sourceTree = "<group>"; };
		EE6B5ADE1D83C55C00695ACF /* HomeViewController.h */ = {isa = PBXFileReference; lastKnownFileType = sourcecode.c.h; path = HomeViewController.h; sourceTree = "<group>"; };
		EE6B5ADF1D83C55C00695ACF /* HomeViewController.m */ = {isa = PBXFileReference; lastKnownFileType = sourcecode.c.objc; path = HomeViewController.m; sourceTree = "<group>"; };
		EE6B5AE21D83C55C00695ACF /* Base */ = {isa = PBXFileReference; lastKnownFileType = file.storyboard; name = Base; path = Base.lproj/Main.storyboard; sourceTree = "<group>"; };
		EE6B5AE51D83C55C00695ACF /* PersonalFinance.xcdatamodel */ = {isa = PBXFileReference; lastKnownFileType = wrapper.xcdatamodel; path = PersonalFinance.xcdatamodel; sourceTree = "<group>"; };
		EE6B5AE71D83C55C00695ACF /* Assets.xcassets */ = {isa = PBXFileReference; lastKnownFileType = folder.assetcatalog; path = Assets.xcassets; sourceTree = "<group>"; };
		EE6B5AEA1D83C55C00695ACF /* Base */ = {isa = PBXFileReference; lastKnownFileType = file.storyboard; name = Base; path = Base.lproj/LaunchScreen.storyboard; sourceTree = "<group>"; };
		EE6B5AEC1D83C55C00695ACF /* Info.plist */ = {isa = PBXFileReference; lastKnownFileType = text.plist.xml; path = Info.plist; sourceTree = "<group>"; };
		EE6B5AF11D83C55C00695ACF /* PersonalFinanceTests.xctest */ = {isa = PBXFileReference; explicitFileType = wrapper.cfbundle; includeInIndex = 0; path = PersonalFinanceTests.xctest; sourceTree = BUILT_PRODUCTS_DIR; };
		EE6B5AF51D83C55C00695ACF /* PersonalFinanceTests.m */ = {isa = PBXFileReference; lastKnownFileType = sourcecode.c.objc; path = PersonalFinanceTests.m; sourceTree = "<group>"; };
		EE6B5AF71D83C55C00695ACF /* Info.plist */ = {isa = PBXFileReference; lastKnownFileType = text.plist.xml; path = Info.plist; sourceTree = "<group>"; };
		EE6B5AFC1D83C55C00695ACF /* PersonalFinanceUITests.xctest */ = {isa = PBXFileReference; explicitFileType = wrapper.cfbundle; includeInIndex = 0; path = PersonalFinanceUITests.xctest; sourceTree = BUILT_PRODUCTS_DIR; };
		EE6B5B001D83C55C00695ACF /* PersonalFinanceUITests.m */ = {isa = PBXFileReference; lastKnownFileType = sourcecode.c.objc; path = PersonalFinanceUITests.m; sourceTree = "<group>"; };
		EE6B5B021D83C55C00695ACF /* Info.plist */ = {isa = PBXFileReference; lastKnownFileType = text.plist.xml; path = Info.plist; sourceTree = "<group>"; };
/* End PBXFileReference section */

/* Begin PBXFrameworksBuildPhase section */
		EE6B5AD21D83C55C00695ACF /* Frameworks */ = {
			isa = PBXFrameworksBuildPhase;
			buildActionMask = 2147483647;
			files = (
			);
			runOnlyForDeploymentPostprocessing = 0;
		};
		EE6B5AEE1D83C55C00695ACF /* Frameworks */ = {
			isa = PBXFrameworksBuildPhase;
			buildActionMask = 2147483647;
			files = (
			);
			runOnlyForDeploymentPostprocessing = 0;
		};
		EE6B5AF91D83C55C00695ACF /* Frameworks */ = {
			isa = PBXFrameworksBuildPhase;
			buildActionMask = 2147483647;
			files = (
			);
			runOnlyForDeploymentPostprocessing = 0;
		};
/* End PBXFrameworksBuildPhase section */

/* Begin PBXGroup section */
		EE46BC221D84573200C34FE9 /* Component Dashboard */ = {
			isa = PBXGroup;
			children = (
				EE46BC2F1D8459D100C34FE9 /* DashboardViewController.h */,
				EE46BC301D8459D100C34FE9 /* DashboardViewController.m */,
				EE46BC321D8459E500C34FE9 /* Dashboard.storyboard */,
			);
			name = "Component Dashboard";
			sourceTree = "<group>";
		};
		EE46BC231D84579200C34FE9 /* Component Income */ = {
			isa = PBXGroup;
			children = (
				EE46BC391D845A4E00C34FE9 /* IncomeViewController.h */,
				EE46BC3A1D845A4E00C34FE9 /* IncomeViewController.m */,
				EE46BC3D1D845A6900C34FE9 /* Income.storyboard */,
			);
			name = "Component Income";
			sourceTree = "<group>";
		};
		EE46BC241D84579D00C34FE9 /* Component Expanse */ = {
			isa = PBXGroup;
			children = (
				EE46BC341D845A1300C34FE9 /* Expense.storyboard */,
				EE46BC361D845A3900C34FE9 /* ExpenseViewController.h */,
				EE46BC371D845A3900C34FE9 /* ExpenseViewController.m */,
			);
			name = "Component Expanse";
			sourceTree = "<group>";
		};
		EE46BC251D8457A800C34FE9 /* Models */ = {
			isa = PBXGroup;
			children = (
			);
			name = Models;
			sourceTree = "<group>";
		};
		EE46BC261D8457B600C34FE9 /* Protocols */ = {
			isa = PBXGroup;
			children = (
				EE46BC3F1D8472C300C34FE9 /* PersonalFinance-Bridging-Header.h */,
				EE46BC401D8472C300C34FE9 /* ControllerLoader.swift */,
				EE46BC421D84733600C34FE9 /* ControllerPresenter.swift */,
				EE46BC441D8473C200C34FE9 /* AlertHandler.swift */,
				EE46BC461D8473E100C34FE9 /* Alert.swift */,
				EE46BC5B1D84849800C34FE9 /* RegistrationPresentable.swift */,
			);
			name = Protocols;
			sourceTree = "<group>";
		};
		EE46BC271D8457BD00C34FE9 /* Stores */ = {
			isa = PBXGroup;
			children = (
				EE46BC591D84816C00C34FE9 /* AccountStore.swift */,
			);
			name = Stores;
			sourceTree = "<group>";
		};
		EE46BC281D84592E00C34FE9 /* Account Registration */ = {
			isa = PBXGroup;
			children = (
				EE46BC291D84595700C34FE9 /* Registration.storyboard */,
				EE46BC2B1D84597D00C34FE9 /* RegistrationViewController.h */,
				EE46BC2C1D84597D00C34FE9 /* RegistrationViewController.m */,
			);
			name = "Account Registration";
			sourceTree = "<group>";
		};
		EE46BC2E1D84599800C34FE9 /* Home */ = {
			isa = PBXGroup;
			children = (
				EE6B5AE11D83C55C00695ACF /* Main.storyboard */,
				EE6B5ADE1D83C55C00695ACF /* HomeViewController.h */,
				EE6B5ADF1D83C55C00695ACF /* HomeViewController.m */,
			);
			name = Home;
			sourceTree = "<group>";
		};
		EE46BC481D84740500C34FE9 /* Protocol Implementations */ = {
			isa = PBXGroup;
			children = (
				EE46BC4A1D8474B600C34FE9 /* SimpleAlertHandler.swift */,
				EE46BC4C1D84750C00C34FE9 /* ToastHandler.swift */,
				EE46BC571D84810100C34FE9 /* RegistrationPresenter.swift */,
				EE46BC5D1D84944D00C34FE9 /* HomeControllerLoader.swift */,
			);
			name = "Protocol Implementations";
			sourceTree = "<group>";
		};
		EE46BC491D84741A00C34FE9 /* Controllers Components */ = {
			isa = PBXGroup;
			children = (
				EE46BC281D84592E00C34FE9 /* Account Registration */,
				EE46BC2E1D84599800C34FE9 /* Home */,
				EE46BC221D84573200C34FE9 /* Component Dashboard */,
				EE46BC241D84579D00C34FE9 /* Component Expanse */,
				EE46BC231D84579200C34FE9 /* Component Income */,
			);
			name = "Controllers Components";
			sourceTree = "<group>";
		};
		EE46BC4E1D84752F00C34FE9 /* Open Sources */ = {
			isa = PBXGroup;
			children = (
				EE46BC501D84754A00C34FE9 /* JVTextField */,
				EE46BC4F1D84754200C34FE9 /* Toast */,
			);
			name = "Open Sources";
			sourceTree = "<group>";
		};
		EE46BC4F1D84754200C34FE9 /* Toast */ = {
			isa = PBXGroup;
			children = (
				EE46BC511D84756200C34FE9 /* iToast.h */,
				EE46BC521D84756200C34FE9 /* iToast.m */,
			);
			name = Toast;
			sourceTree = "<group>";
		};
		EE46BC501D84754A00C34FE9 /* JVTextField */ = {
			isa = PBXGroup;
			children = (
				EE46BC541D847E6A00C34FE9 /* JVFloatLabeledTextField.h */,
				EE46BC551D847E6A00C34FE9 /* JVFloatLabeledTextField.m */,
			);
			name = JVTextField;
			sourceTree = "<group>";
		};
		EE6B5ACC1D83C55B00695ACF = {
			isa = PBXGroup;
			children = (
				EE6B5AD71D83C55C00695ACF /* PersonalFinance */,
				EE6B5AF41D83C55C00695ACF /* PersonalFinanceTests */,
				EE6B5AFF1D83C55C00695ACF /* PersonalFinanceUITests */,
				EE6B5AD61D83C55C00695ACF /* Products */,
			);
			sourceTree = "<group>";
		};
		EE6B5AD61D83C55C00695ACF /* Products */ = {
			isa = PBXGroup;
			children = (
				EE6B5AD51D83C55C00695ACF /* PersonalFinance.app */,
				EE6B5AF11D83C55C00695ACF /* PersonalFinanceTests.xctest */,
				EE6B5AFC1D83C55C00695ACF /* PersonalFinanceUITests.xctest */,
			);
			name = Products;
			sourceTree = "<group>";
		};
		EE6B5AD71D83C55C00695ACF /* PersonalFinance */ = {
			isa = PBXGroup;
			children = (
				EE46BC491D84741A00C34FE9 /* Controllers Components */,
				EE46BC271D8457BD00C34FE9 /* Stores */,
				EE46BC261D8457B600C34FE9 /* Protocols */,
				EE46BC481D84740500C34FE9 /* Protocol Implementations */,
				EE46BC251D8457A800C34FE9 /* Models */,
				EE46BC4E1D84752F00C34FE9 /* Open Sources */,
				EE6B5ADB1D83C55C00695ACF /* AppDelegate.h */,
				EE6B5ADC1D83C55C00695ACF /* AppDelegate.m */,
				EE6B5AE71D83C55C00695ACF /* Assets.xcassets */,
				EE6B5AE91D83C55C00695ACF /* LaunchScreen.storyboard */,
				EE6B5AEC1D83C55C00695ACF /* Info.plist */,
				EE6B5AE41D83C55C00695ACF /* PersonalFinance.xcdatamodeld */,
				EE6B5AD81D83C55C00695ACF /* Supporting Files */,
			);
			path = PersonalFinance;
			sourceTree = "<group>";
		};
		EE6B5AD81D83C55C00695ACF /* Supporting Files */ = {
			isa = PBXGroup;
			children = (
				EE6B5AD91D83C55C00695ACF /* main.m */,
			);
			name = "Supporting Files";
			sourceTree = "<group>";
		};
		EE6B5AF41D83C55C00695ACF /* PersonalFinanceTests */ = {
			isa = PBXGroup;
			children = (
				EE6B5AF51D83C55C00695ACF /* PersonalFinanceTests.m */,
				EE6B5AF71D83C55C00695ACF /* Info.plist */,
			);
			path = PersonalFinanceTests;
			sourceTree = "<group>";
		};
		EE6B5AFF1D83C55C00695ACF /* PersonalFinanceUITests */ = {
			isa = PBXGroup;
			children = (
				EE6B5B001D83C55C00695ACF /* PersonalFinanceUITests.m */,
				EE6B5B021D83C55C00695ACF /* Info.plist */,
			);
			path = PersonalFinanceUITests;
			sourceTree = "<group>";
		};
/* End PBXGroup section */

/* Begin PBXNativeTarget section */
		EE6B5AD41D83C55C00695ACF /* PersonalFinance */ = {
			isa = PBXNativeTarget;
			buildConfigurationList = EE6B5B051D83C55C00695ACF /* Build configuration list for PBXNativeTarget "PersonalFinance" */;
			buildPhases = (
				EE6B5AD11D83C55C00695ACF /* Sources */,
				EE6B5AD21D83C55C00695ACF /* Frameworks */,
				EE6B5AD31D83C55C00695ACF /* Resources */,
			);
			buildRules = (
			);
			dependencies = (
			);
			name = PersonalFinance;
			productName = PersonalFinance;
			productReference = EE6B5AD51D83C55C00695ACF /* PersonalFinance.app */;
			productType = "com.apple.product-type.application";
		};
		EE6B5AF01D83C55C00695ACF /* PersonalFinanceTests */ = {
			isa = PBXNativeTarget;
			buildConfigurationList = EE6B5B081D83C55C00695ACF /* Build configuration list for PBXNativeTarget "PersonalFinanceTests" */;
			buildPhases = (
				EE6B5AED1D83C55C00695ACF /* Sources */,
				EE6B5AEE1D83C55C00695ACF /* Frameworks */,
				EE6B5AEF1D83C55C00695ACF /* Resources */,
			);
			buildRules = (
			);
			dependencies = (
				EE6B5AF31D83C55C00695ACF /* PBXTargetDependency */,
			);
			name = PersonalFinanceTests;
			productName = PersonalFinanceTests;
			productReference = EE6B5AF11D83C55C00695ACF /* PersonalFinanceTests.xctest */;
			productType = "com.apple.product-type.bundle.unit-test";
		};
		EE6B5AFB1D83C55C00695ACF /* PersonalFinanceUITests */ = {
			isa = PBXNativeTarget;
			buildConfigurationList = EE6B5B0B1D83C55C00695ACF /* Build configuration list for PBXNativeTarget "PersonalFinanceUITests" */;
			buildPhases = (
				EE6B5AF81D83C55C00695ACF /* Sources */,
				EE6B5AF91D83C55C00695ACF /* Frameworks */,
				EE6B5AFA1D83C55C00695ACF /* Resources */,
			);
			buildRules = (
			);
			dependencies = (
				EE6B5AFE1D83C55C00695ACF /* PBXTargetDependency */,
			);
			name = PersonalFinanceUITests;
			productName = PersonalFinanceUITests;
			productReference = EE6B5AFC1D83C55C00695ACF /* PersonalFinanceUITests.xctest */;
			productType = "com.apple.product-type.bundle.ui-testing";
		};
/* End PBXNativeTarget section */

/* Begin PBXProject section */
		EE6B5ACD1D83C55B00695ACF /* Project object */ = {
			isa = PBXProject;
			attributes = {
				LastUpgradeCheck = 0720;
				ORGANIZATIONNAME = Irfan;
				TargetAttributes = {
					EE6B5AD41D83C55C00695ACF = {
						CreatedOnToolsVersion = 7.2.1;
					};
					EE6B5AF01D83C55C00695ACF = {
						CreatedOnToolsVersion = 7.2.1;
						DevelopmentTeam = W85VJR9GUS;
						TestTargetID = EE6B5AD41D83C55C00695ACF;
					};
					EE6B5AFB1D83C55C00695ACF = {
						CreatedOnToolsVersion = 7.2.1;
						DevelopmentTeam = W85VJR9GUS;
						TestTargetID = EE6B5AD41D83C55C00695ACF;
					};
				};
			};
			buildConfigurationList = EE6B5AD01D83C55B00695ACF /* Build configuration list for PBXProject "PersonalFinance" */;
			compatibilityVersion = "Xcode 3.2";
			developmentRegion = English;
			hasScannedForEncodings = 0;
			knownRegions = (
				en,
				Base,
			);
			mainGroup = EE6B5ACC1D83C55B00695ACF;
			productRefGroup = EE6B5AD61D83C55C00695ACF /* Products */;
			projectDirPath = "";
			projectRoot = "";
			targets = (
				EE6B5AD41D83C55C00695ACF /* PersonalFinance */,
				EE6B5AF01D83C55C00695ACF /* PersonalFinanceTests */,
				EE6B5AFB1D83C55C00695ACF /* PersonalFinanceUITests */,
			);
		};
/* End PBXProject section */

/* Begin PBXResourcesBuildPhase section */
		EE6B5AD31D83C55C00695ACF /* Resources */ = {
			isa = PBXResourcesBuildPhase;
			buildActionMask = 2147483647;
			files = (
				EE6B5AEB1D83C55C00695ACF /* LaunchScreen.storyboard in Resources */,
				EE46BC331D8459E500C34FE9 /* Dashboard.storyboard in Resources */,
				EE46BC2A1D84595700C34FE9 /* Registration.storyboard in Resources */,
				EE6B5AE81D83C55C00695ACF /* Assets.xcassets in Resources */,
				EE46BC3E1D845A6900C34FE9 /* Income.storyboard in Resources */,
				EE6B5AE31D83C55C00695ACF /* Main.storyboard in Resources */,
				EE46BC351D845A1300C34FE9 /* Expense.storyboard in Resources */,
			);
			runOnlyForDeploymentPostprocessing = 0;
		};
		EE6B5AEF1D83C55C00695ACF /* Resources */ = {
			isa = PBXResourcesBuildPhase;
			buildActionMask = 2147483647;
			files = (
			);
			runOnlyForDeploymentPostprocessing = 0;
		};
		EE6B5AFA1D83C55C00695ACF /* Resources */ = {
			isa = PBXResourcesBuildPhase;
			buildActionMask = 2147483647;
			files = (
			);
			runOnlyForDeploymentPostprocessing = 0;
		};
/* End PBXResourcesBuildPhase section */

/* Begin PBXSourcesBuildPhase section */
		EE6B5AD11D83C55C00695ACF /* Sources */ = {
			isa = PBXSourcesBuildPhase;
			buildActionMask = 2147483647;
			files = (
				EE46BC4B1D8474B600C34FE9 /* SimpleAlertHandler.swift in Sources */,
				EE46BC5C1D84849800C34FE9 /* RegistrationPresentable.swift in Sources */,
				EE46BC431D84733600C34FE9 /* ControllerPresenter.swift in Sources */,
				EE6B5AE61D83C55C00695ACF /* PersonalFinance.xcdatamodeld in Sources */,
				EE46BC531D84756200C34FE9 /* iToast.m in Sources */,
				EE46BC381D845A3900C34FE9 /* ExpenseViewController.m in Sources */,
				EE46BC581D84810100C34FE9 /* RegistrationPresenter.swift in Sources */,
				EE46BC311D8459D100C34FE9 /* DashboardViewController.m in Sources */,
				EE46BC3B1D845A4E00C34FE9 /* IncomeViewController.m in Sources */,
				EE6B5AE01D83C55C00695ACF /* HomeViewController.m in Sources */,
				EE46BC471D8473E100C34FE9 /* Alert.swift in Sources */,
				EE46BC451D8473C200C34FE9 /* AlertHandler.swift in Sources */,
				EE46BC411D8472C300C34FE9 /* ControllerLoader.swift in Sources */,
				EE46BC2D1D84597D00C34FE9 /* RegistrationViewController.m in Sources */,
				EE46BC561D847E6A00C34FE9 /* JVFloatLabeledTextField.m in Sources */,
				EE6B5ADD1D83C55C00695ACF /* AppDelegate.m in Sources */,
				EE46BC5A1D84816C00C34FE9 /* AccountStore.swift in Sources */,
				EE46BC5E1D84944D00C34FE9 /* HomeControllerLoader.swift in Sources */,
				EE46BC4D1D84750C00C34FE9 /* ToastHandler.swift in Sources */,
				EE6B5ADA1D83C55C00695ACF /* main.m in Sources */,
			);
			runOnlyForDeploymentPostprocessing = 0;
		};
		EE6B5AED1D83C55C00695ACF /* Sources */ = {
			isa = PBXSourcesBuildPhase;
			buildActionMask = 2147483647;
			files = (
				EE6B5AF61D83C55C00695ACF /* PersonalFinanceTests.m in Sources */,
			);
			runOnlyForDeploymentPostprocessing = 0;
		};
		EE6B5AF81D83C55C00695ACF /* Sources */ = {
			isa = PBXSourcesBuildPhase;
			buildActionMask = 2147483647;
			files = (
				EE6B5B011D83C55C00695ACF /* PersonalFinanceUITests.m in Sources */,
			);
			runOnlyForDeploymentPostprocessing = 0;
		};
/* End PBXSourcesBuildPhase section */

/* Begin PBXTargetDependency section */
		EE6B5AF31D83C55C00695ACF /* PBXTargetDependency */ = {
			isa = PBXTargetDependency;
			target = EE6B5AD41D83C55C00695ACF /* PersonalFinance */;
			targetProxy = EE6B5AF21D83C55C00695ACF /* PBXContainerItemProxy */;
		};
		EE6B5AFE1D83C55C00695ACF /* PBXTargetDependency */ = {
			isa = PBXTargetDependency;
			target = EE6B5AD41D83C55C00695ACF /* PersonalFinance */;
			targetProxy = EE6B5AFD1D83C55C00695ACF /* PBXContainerItemProxy */;
		};
/* End PBXTargetDependency section */

/* Begin PBXVariantGroup section */
		EE6B5AE11D83C55C00695ACF /* Main.storyboard */ = {
			isa = PBXVariantGroup;
			children = (
				EE6B5AE21D83C55C00695ACF /* Base */,
			);
			name = Main.storyboard;
			sourceTree = "<group>";
		};
		EE6B5AE91D83C55C00695ACF /* LaunchScreen.storyboard */ = {
			isa = PBXVariantGroup;
			children = (
				EE6B5AEA1D83C55C00695ACF /* Base */,
			);
			name = LaunchScreen.storyboard;
			sourceTree = "<group>";
		};
/* End PBXVariantGroup section */

/* Begin XCBuildConfiguration section */
		EE6B5B031D83C55C00695ACF /* Debug */ = {
			isa = XCBuildConfiguration;
			buildSettings = {
				ALWAYS_SEARCH_USER_PATHS = NO;
				CLANG_CXX_LANGUAGE_STANDARD = "gnu++0x";
				CLANG_CXX_LIBRARY = "libc++";
				CLANG_ENABLE_MODULES = YES;
				CLANG_ENABLE_OBJC_ARC = YES;
				CLANG_WARN_BOOL_CONVERSION = YES;
				CLANG_WARN_CONSTANT_CONVERSION = YES;
				CLANG_WARN_DIRECT_OBJC_ISA_USAGE = YES_ERROR;
				CLANG_WARN_EMPTY_BODY = YES;
				CLANG_WARN_ENUM_CONVERSION = YES;
				CLANG_WARN_INT_CONVERSION = YES;
				CLANG_WARN_OBJC_ROOT_CLASS = YES_ERROR;
				CLANG_WARN_UNREACHABLE_CODE = YES;
				CLANG_WARN__DUPLICATE_METHOD_MATCH = YES;
				"CODE_SIGN_IDENTITY[sdk=iphoneos*]" = "iPhone Developer";
				COPY_PHASE_STRIP = NO;
				DEBUG_INFORMATION_FORMAT = dwarf;
				ENABLE_STRICT_OBJC_MSGSEND = YES;
				ENABLE_TESTABILITY = YES;
				GCC_C_LANGUAGE_STANDARD = gnu99;
				GCC_DYNAMIC_NO_PIC = NO;
				GCC_NO_COMMON_BLOCKS = YES;
				GCC_OPTIMIZATION_LEVEL = 0;
				GCC_PREPROCESSOR_DEFINITIONS = (
					"DEBUG=1",
					"$(inherited)",
				);
				GCC_WARN_64_TO_32_BIT_CONVERSION = YES;
				GCC_WARN_ABOUT_RETURN_TYPE = YES_ERROR;
				GCC_WARN_UNDECLARED_SELECTOR = YES;
				GCC_WARN_UNINITIALIZED_AUTOS = YES_AGGRESSIVE;
				GCC_WARN_UNUSED_FUNCTION = YES;
				GCC_WARN_UNUSED_VARIABLE = YES;
				IPHONEOS_DEPLOYMENT_TARGET = 9.2;
				MTL_ENABLE_DEBUG_INFO = YES;
				ONLY_ACTIVE_ARCH = YES;
				SDKROOT = iphoneos;
				TARGETED_DEVICE_FAMILY = "1,2";
			};
			name = Debug;
		};
		EE6B5B041D83C55C00695ACF /* Release */ = {
			isa = XCBuildConfiguration;
			buildSettings = {
				ALWAYS_SEARCH_USER_PATHS = NO;
				CLANG_CXX_LANGUAGE_STANDARD = "gnu++0x";
				CLANG_CXX_LIBRARY = "libc++";
				CLANG_ENABLE_MODULES = YES;
				CLANG_ENABLE_OBJC_ARC = YES;
				CLANG_WARN_BOOL_CONVERSION = YES;
				CLANG_WARN_CONSTANT_CONVERSION = YES;
				CLANG_WARN_DIRECT_OBJC_ISA_USAGE = YES_ERROR;
				CLANG_WARN_EMPTY_BODY = YES;
				CLANG_WARN_ENUM_CONVERSION = YES;
				CLANG_WARN_INT_CONVERSION = YES;
				CLANG_WARN_OBJC_ROOT_CLASS = YES_ERROR;
				CLANG_WARN_UNREACHABLE_CODE = YES;
				CLANG_WARN__DUPLICATE_METHOD_MATCH = YES;
				"CODE_SIGN_IDENTITY[sdk=iphoneos*]" = "iPhone Developer";
				COPY_PHASE_STRIP = NO;
				DEBUG_INFORMATION_FORMAT = "dwarf-with-dsym";
				ENABLE_NS_ASSERTIONS = NO;
				ENABLE_STRICT_OBJC_MSGSEND = YES;
				GCC_C_LANGUAGE_STANDARD = gnu99;
				GCC_NO_COMMON_BLOCKS = YES;
				GCC_WARN_64_TO_32_BIT_CONVERSION = YES;
				GCC_WARN_ABOUT_RETURN_TYPE = YES_ERROR;
				GCC_WARN_UNDECLARED_SELECTOR = YES;
				GCC_WARN_UNINITIALIZED_AUTOS = YES_AGGRESSIVE;
				GCC_WARN_UNUSED_FUNCTION = YES;
				GCC_WARN_UNUSED_VARIABLE = YES;
				IPHONEOS_DEPLOYMENT_TARGET = 9.2;
				MTL_ENABLE_DEBUG_INFO = NO;
				SDKROOT = iphoneos;
				TARGETED_DEVICE_FAMILY = "1,2";
				VALIDATE_PRODUCT = YES;
			};
			name = Release;
		};
		EE6B5B061D83C55C00695ACF /* Debug */ = {
			isa = XCBuildConfiguration;
			buildSettings = {
				ASSETCATALOG_COMPILER_APPICON_NAME = AppIcon;
				CLANG_ENABLE_MODULES = YES;
				CODE_SIGN_IDENTITY = "iPhone Developer";
				GCC_NO_COMMON_BLOCKS = NO;
				INFOPLIST_FILE = PersonalFinance/Info.plist;
				LD_RUNPATH_SEARCH_PATHS = "$(inherited) @executable_path/Frameworks";
				PRODUCT_BUNDLE_IDENTIFIER = com.irfan.PersonalFinance;
				PRODUCT_NAME = "$(TARGET_NAME)";
				SWIFT_OBJC_BRIDGING_HEADER = "PersonalFinance/PersonalFinance-Bridging-Header.h";
				SWIFT_OPTIMIZATION_LEVEL = "-Onone";
			};
			name = Debug;
		};
		EE6B5B071D83C55C00695ACF /* Release */ = {
			isa = XCBuildConfiguration;
			buildSettings = {
				ASSETCATALOG_COMPILER_APPICON_NAME = AppIcon;
				CLANG_ENABLE_MODULES = YES;
				CODE_SIGN_IDENTITY = "iPhone Developer";
				GCC_NO_COMMON_BLOCKS = NO;
				INFOPLIST_FILE = PersonalFinance/Info.plist;
				LD_RUNPATH_SEARCH_PATHS = "$(inherited) @executable_path/Frameworks";
				PRODUCT_BUNDLE_IDENTIFIER = com.irfan.PersonalFinance;
				PRODUCT_NAME = "$(TARGET_NAME)";
				SWIFT_OBJC_BRIDGING_HEADER = "PersonalFinance/PersonalFinance-Bridging-Header.h";
			};
			name = Release;
		};
		EE6B5B091D83C55C00695ACF /* Debug */ = {
			isa = XCBuildConfiguration;
			buildSettings = {
				BUNDLE_LOADER = "$(TEST_HOST)";
				INFOPLIST_FILE = PersonalFinanceTests/Info.plist;
				LD_RUNPATH_SEARCH_PATHS = "$(inherited) @executable_path/Frameworks @loader_path/Frameworks";
				PRODUCT_BUNDLE_IDENTIFIER = com.irfan.PersonalFinanceTests;
				PRODUCT_NAME = "$(TARGET_NAME)";
				TEST_HOST = "$(BUILT_PRODUCTS_DIR)/PersonalFinance.app/PersonalFinance";
			};
			name = Debug;
		};
		EE6B5B0A1D83C55C00695ACF /* Release */ = {
			isa = XCBuildConfiguration;
			buildSettings = {
				BUNDLE_LOADER = "$(TEST_HOST)";
				INFOPLIST_FILE = PersonalFinanceTests/Info.plist;
				LD_RUNPATH_SEARCH_PATHS = "$(inherited) @executable_path/Frameworks @loader_path/Frameworks";
				PRODUCT_BUNDLE_IDENTIFIER = com.irfan.PersonalFinanceTests;
				PRODUCT_NAME = "$(TARGET_NAME)";
				TEST_HOST = "$(BUILT_PRODUCTS_DIR)/PersonalFinance.app/PersonalFinance";
			};
			name = Release;
		};
		EE6B5B0C1D83C55C00695ACF /* Debug */ = {
			isa = XCBuildConfiguration;
			buildSettings = {
				INFOPLIST_FILE = PersonalFinanceUITests/Info.plist;
				LD_RUNPATH_SEARCH_PATHS = "$(inherited) @executable_path/Frameworks @loader_path/Frameworks";
				PRODUCT_BUNDLE_IDENTIFIER = com.irfan.PersonalFinanceUITests;
				PRODUCT_NAME = "$(TARGET_NAME)";
				TEST_TARGET_NAME = PersonalFinance;
				USES_XCTRUNNER = YES;
			};
			name = Debug;
		};
		EE6B5B0D1D83C55C00695ACF /* Release */ = {
			isa = XCBuildConfiguration;
			buildSettings = {
				INFOPLIST_FILE = PersonalFinanceUITests/Info.plist;
				LD_RUNPATH_SEARCH_PATHS = "$(inherited) @executable_path/Frameworks @loader_path/Frameworks";
				PRODUCT_BUNDLE_IDENTIFIER = com.irfan.PersonalFinanceUITests;
				PRODUCT_NAME = "$(TARGET_NAME)";
				TEST_TARGET_NAME = PersonalFinance;
				USES_XCTRUNNER = YES;
			};
			name = Release;
		};
/* End XCBuildConfiguration section */

/* Begin XCConfigurationList section */
		EE6B5AD01D83C55B00695ACF /* Build configuration list for PBXProject "PersonalFinance" */ = {
			isa = XCConfigurationList;
			buildConfigurations = (
				EE6B5B031D83C55C00695ACF /* Debug */,
				EE6B5B041D83C55C00695ACF /* Release */,
			);
			defaultConfigurationIsVisible = 0;
			defaultConfigurationName = Release;
		};
		EE6B5B051D83C55C00695ACF /* Build configuration list for PBXNativeTarget "PersonalFinance" */ = {
			isa = XCConfigurationList;
			buildConfigurations = (
				EE6B5B061D83C55C00695ACF /* Debug */,
				EE6B5B071D83C55C00695ACF /* Release */,
			);
			defaultConfigurationIsVisible = 0;
			defaultConfigurationName = Release;
		};
		EE6B5B081D83C55C00695ACF /* Build configuration list for PBXNativeTarget "PersonalFinanceTests" */ = {
			isa = XCConfigurationList;
			buildConfigurations = (
				EE6B5B091D83C55C00695ACF /* Debug */,
				EE6B5B0A1D83C55C00695ACF /* Release */,
			);
			defaultConfigurationIsVisible = 0;
			defaultConfigurationName = Release;
		};
		EE6B5B0B1D83C55C00695ACF /* Build configuration list for PBXNativeTarget "PersonalFinanceUITests" */ = {
			isa = XCConfigurationList;
			buildConfigurations = (
				EE6B5B0C1D83C55C00695ACF /* Debug */,
				EE6B5B0D1D83C55C00695ACF /* Release */,
			);
			defaultConfigurationIsVisible = 0;
			defaultConfigurationName = Release;
		};
/* End XCConfigurationList section */

/* Begin XCVersionGroup section */
		EE6B5AE41D83C55C00695ACF /* PersonalFinance.xcdatamodeld */ = {
			isa = XCVersionGroup;
			children = (
				EE6B5AE51D83C55C00695ACF /* PersonalFinance.xcdatamodel */,
			);
			currentVersion = EE6B5AE51D83C55C00695ACF /* PersonalFinance.xcdatamodel */;
			path = PersonalFinance.xcdatamodeld;
			sourceTree = "<group>";
			versionGroupType = wrapper.xcdatamodel;
		};
/* End XCVersionGroup section */
	};
	rootObject = EE6B5ACD1D83C55B00695ACF /* Project object */;
}
